{
  "originHash" : "d5c55fe18f644f7ed431a5dec8d6dc851a76b972be2fd3d664b2fbbbb4d1ba70",
  "pins" : [
    {
      "identity" : "openaikit",
      "kind" : "remoteSourceControl",
      "location" : "https://github.com/OpenDive/OpenAIKit.git",
      "state" : {
        "revision" : "1ae438e665433273474d330a74241a1c55742a79",
        "version" : "2.0.1"
      }
    }
  ],
  "version" : 3
}
